// !$*UTF8*$!
{
	archiveVersion = 1;
	classes = {
	};
	objectVersion = 50;
	objects = {

/* Begin PBXBuildFile section */
		531A99B6218196740041428D /* AppDelegate.swift in Sources */ = {isa = PBXBuildFile; fileRef = 531A99B5218196740041428D /* AppDelegate.swift */; };
		531A99B8218196740041428D /* ViewController.swift in Sources */ = {isa = PBXBuildFile; fileRef = 531A99B7218196740041428D /* ViewController.swift */; };
		531A99BB218196740041428D /* Main.storyboard in Resources */ = {isa = PBXBuildFile; fileRef = 531A99B9218196740041428D /* Main.storyboard */; };
		531A99BE218196740041428D /* eventour.xcdatamodeld in Sources */ = {isa = PBXBuildFile; fileRef = 531A99BC218196740041428D /* eventour.xcdatamodeld */; };
		531A99C02181967A0041428D /* Assets.xcassets in Resources */ = {isa = PBXBuildFile; fileRef = 531A99BF2181967A0041428D /* Assets.xcassets */; };
		531A99C32181967A0041428D /* LaunchScreen.storyboard in Resources */ = {isa = PBXBuildFile; fileRef = 531A99C12181967A0041428D /* LaunchScreen.storyboard */; };
		531A99CE2181967A0041428D /* eventourTests.swift in Sources */ = {isa = PBXBuildFile; fileRef = 531A99CD2181967A0041428D /* eventourTests.swift */; };
		531A99D92181967A0041428D /* eventourUITests.swift in Sources */ = {isa = PBXBuildFile; fileRef = 531A99D82181967A0041428D /* eventourUITests.swift */; };
		535FBA71219FC38700813DC1 /* CatchUpStore.swift in Sources */ = {isa = PBXBuildFile; fileRef = 535FBA70219FC38700813DC1 /* CatchUpStore.swift */; };
		535FBA7A219FC41400813DC1 /* FavoritesEntity.swift in Sources */ = {isa = PBXBuildFile; fileRef = 535FBA79219FC41400813DC1 /* FavoritesEntity.swift */; };
		5363A39D2188273B00CAD0C8 /* FavoritesViewController.swift in Sources */ = {isa = PBXBuildFile; fileRef = 5363A39C2188273B00CAD0C8 /* FavoritesViewController.swift */; };
		53B1A6962188314100BCAA2F /* EventsViewController.swift in Sources */ = {isa = PBXBuildFile; fileRef = 53B1A6952188314100BCAA2F /* EventsViewController.swift */; };
		53C8B8822193D11500610270 /* EventViewController.swift in Sources */ = {isa = PBXBuildFile; fileRef = 53C8B8812193D11500610270 /* EventViewController.swift */; };
		53C8B88D2193FA5D00610270 /* OrganizadorResponse.swift in Sources */ = {isa = PBXBuildFile; fileRef = 53C8B88C2193FA5D00610270 /* OrganizadorResponse.swift */; };
		53C8B8962193FD6300610270 /* OrganizersViewController.swift in Sources */ = {isa = PBXBuildFile; fileRef = 53C8B8952193FD6200610270 /* OrganizersViewController.swift */; };
		53C8B8982193FF9300610270 /* OrganizerViewController.swift in Sources */ = {isa = PBXBuildFile; fileRef = 53C8B8972193FF9300610270 /* OrganizerViewController.swift */; };
		53C8B89A2193FFF200610270 /* OrganizerCell.swift in Sources */ = {isa = PBXBuildFile; fileRef = 53C8B8992193FFF200610270 /* OrganizerCell.swift */; };
		53F0A6E42193BE5E008329EE /* UIImageViewExtension.swift in Sources */ = {isa = PBXBuildFile; fileRef = 53F0A6E32193BE5E008329EE /* UIImageViewExtension.swift */; };
		53F0A6F12193C86F008329EE /* EventCell.swift in Sources */ = {isa = PBXBuildFile; fileRef = 53F0A6F02193C86F008329EE /* EventCell.swift */; };
		53F503B32182D7F0001A8893 /* EventoResponse.swift in Sources */ = {isa = PBXBuildFile; fileRef = 53F503B22182D7F0001A8893 /* EventoResponse.swift */; };
		7F82F7DB2182243900A005D1 /* eventourApi.swift in Sources */ = {isa = PBXBuildFile; fileRef = 7F82F7DA2182243900A005D1 /* eventourApi.swift */; };
		7F82F7DD218228F300A005D1 /* Event.swift in Sources */ = {isa = PBXBuildFile; fileRef = 7F82F7DC218228F300A005D1 /* Event.swift */; };
		7F82F7DF218229A100A005D1 /* Organizer.swift in Sources */ = {isa = PBXBuildFile; fileRef = 7F82F7DE218229A100A005D1 /* Organizer.swift */; };
		7F82F7FE21822B0600A005D1 /* Alamofire.framework in Frameworks */ = {isa = PBXBuildFile; fileRef = 7F82F7EF21822AAC00A005D1 /* Alamofire.framework */; };
		7F82F7FF21822B0600A005D1 /* Alamofire.framework in Embed Frameworks */ = {isa = PBXBuildFile; fileRef = 7F82F7EF21822AAC00A005D1 /* Alamofire.framework */; settings = {ATTRIBUTES = (CodeSignOnCopy, RemoveHeadersOnCopy, ); }; };
		7F900B9C2196431E0066A1F6 /* ProfileViewController.swift in Sources */ = {isa = PBXBuildFile; fileRef = 7F900B9B2196431E0066A1F6 /* ProfileViewController.swift */; };
/* End PBXBuildFile section */

/* Begin PBXContainerItemProxy section */
		531A99CA2181967A0041428D /* PBXContainerItemProxy */ = {
			isa = PBXContainerItemProxy;
			containerPortal = 531A99AA218196740041428D /* Project object */;
			proxyType = 1;
			remoteGlobalIDString = 531A99B1218196740041428D;
			remoteInfo = eventour;
		};
		531A99D52181967A0041428D /* PBXContainerItemProxy */ = {
			isa = PBXContainerItemProxy;
			containerPortal = 531A99AA218196740041428D /* Project object */;
			proxyType = 1;
			remoteGlobalIDString = 531A99B1218196740041428D;
			remoteInfo = eventour;
		};
		7F82F7EE21822AAC00A005D1 /* PBXContainerItemProxy */ = {
			isa = PBXContainerItemProxy;
			containerPortal = 7F82F7E321822AAC00A005D1 /* Alamofire.xcodeproj */;
			proxyType = 2;
			remoteGlobalIDString = F8111E3319A95C8B0040E7D1;
			remoteInfo = "Alamofire iOS";
		};
		7F82F7F021822AAC00A005D1 /* PBXContainerItemProxy */ = {
			isa = PBXContainerItemProxy;
			containerPortal = 7F82F7E321822AAC00A005D1 /* Alamofire.xcodeproj */;
			proxyType = 2;
			remoteGlobalIDString = F8111E3E19A95C8B0040E7D1;
			remoteInfo = "Alamofire iOS Tests";
		};
		7F82F7F221822AAC00A005D1 /* PBXContainerItemProxy */ = {
			isa = PBXContainerItemProxy;
			containerPortal = 7F82F7E321822AAC00A005D1 /* Alamofire.xcodeproj */;
			proxyType = 2;
			remoteGlobalIDString = 4DD67C0B1A5C55C900ED2280;
			remoteInfo = "Alamofire macOS";
		};
		7F82F7F421822AAC00A005D1 /* PBXContainerItemProxy */ = {
			isa = PBXContainerItemProxy;
			containerPortal = 7F82F7E321822AAC00A005D1 /* Alamofire.xcodeproj */;
			proxyType = 2;
			remoteGlobalIDString = F829C6B21A7A94F100A2CD59;
			remoteInfo = "Alamofire macOS Tests";
		};
		7F82F7F621822AAC00A005D1 /* PBXContainerItemProxy */ = {
			isa = PBXContainerItemProxy;
			containerPortal = 7F82F7E321822AAC00A005D1 /* Alamofire.xcodeproj */;
			proxyType = 2;
			remoteGlobalIDString = 4CF626EF1BA7CB3E0011A099;
			remoteInfo = "Alamofire tvOS";
		};
		7F82F7F821822AAC00A005D1 /* PBXContainerItemProxy */ = {
			isa = PBXContainerItemProxy;
			containerPortal = 7F82F7E321822AAC00A005D1 /* Alamofire.xcodeproj */;
			proxyType = 2;
			remoteGlobalIDString = 4CF626F81BA7CB3E0011A099;
			remoteInfo = "Alamofire tvOS Tests";
		};
		7F82F7FA21822AAC00A005D1 /* PBXContainerItemProxy */ = {
			isa = PBXContainerItemProxy;
			containerPortal = 7F82F7E321822AAC00A005D1 /* Alamofire.xcodeproj */;
			proxyType = 2;
			remoteGlobalIDString = E4202FE01B667AA100C997FB;
			remoteInfo = "Alamofire watchOS";
		};
		7F82F80021822B0600A005D1 /* PBXContainerItemProxy */ = {
			isa = PBXContainerItemProxy;
			containerPortal = 7F82F7E321822AAC00A005D1 /* Alamofire.xcodeproj */;
			proxyType = 1;
			remoteGlobalIDString = F8111E3219A95C8B0040E7D1;
			remoteInfo = "Alamofire iOS";
		};
/* End PBXContainerItemProxy section */

/* Begin PBXCopyFilesBuildPhase section */
		7F82F80221822B0600A005D1 /* Embed Frameworks */ = {
			isa = PBXCopyFilesBuildPhase;
			buildActionMask = 2147483647;
			dstPath = "";
			dstSubfolderSpec = 10;
			files = (
				7F82F7FF21822B0600A005D1 /* Alamofire.framework in Embed Frameworks */,
			);
			name = "Embed Frameworks";
			runOnlyForDeploymentPostprocessing = 0;
		};
/* End PBXCopyFilesBuildPhase section */

/* Begin PBXFileReference section */
		531A99B2218196740041428D /* eventour.app */ = {isa = PBXFileReference; explicitFileType = wrapper.application; includeInIndex = 0; path = eventour.app; sourceTree = BUILT_PRODUCTS_DIR; };
		531A99B5218196740041428D /* AppDelegate.swift */ = {isa = PBXFileReference; lastKnownFileType = sourcecode.swift; path = AppDelegate.swift; sourceTree = "<group>"; };
		531A99B7218196740041428D /* ViewController.swift */ = {isa = PBXFileReference; lastKnownFileType = sourcecode.swift; path = ViewController.swift; sourceTree = "<group>"; };
		531A99BA218196740041428D /* Base */ = {isa = PBXFileReference; lastKnownFileType = file.storyboard; name = Base; path = Base.lproj/Main.storyboard; sourceTree = "<group>"; };
		531A99BD218196740041428D /* eventour.xcdatamodel */ = {isa = PBXFileReference; lastKnownFileType = wrapper.xcdatamodel; path = eventour.xcdatamodel; sourceTree = "<group>"; };
		531A99BF2181967A0041428D /* Assets.xcassets */ = {isa = PBXFileReference; lastKnownFileType = folder.assetcatalog; path = Assets.xcassets; sourceTree = "<group>"; };
		531A99C22181967A0041428D /* Base */ = {isa = PBXFileReference; lastKnownFileType = file.storyboard; name = Base; path = Base.lproj/LaunchScreen.storyboard; sourceTree = "<group>"; };
		531A99C42181967A0041428D /* Info.plist */ = {isa = PBXFileReference; lastKnownFileType = text.plist.xml; path = Info.plist; sourceTree = "<group>"; };
		531A99C92181967A0041428D /* eventourTests.xctest */ = {isa = PBXFileReference; explicitFileType = wrapper.cfbundle; includeInIndex = 0; path = eventourTests.xctest; sourceTree = BUILT_PRODUCTS_DIR; };
		531A99CD2181967A0041428D /* eventourTests.swift */ = {isa = PBXFileReference; lastKnownFileType = sourcecode.swift; path = eventourTests.swift; sourceTree = "<group>"; };
		531A99CF2181967A0041428D /* Info.plist */ = {isa = PBXFileReference; lastKnownFileType = text.plist.xml; path = Info.plist; sourceTree = "<group>"; };
		531A99D42181967A0041428D /* eventourUITests.xctest */ = {isa = PBXFileReference; explicitFileType = wrapper.cfbundle; includeInIndex = 0; path = eventourUITests.xctest; sourceTree = BUILT_PRODUCTS_DIR; };
		531A99D82181967A0041428D /* eventourUITests.swift */ = {isa = PBXFileReference; lastKnownFileType = sourcecode.swift; path = eventourUITests.swift; sourceTree = "<group>"; };
		531A99DA2181967A0041428D /* Info.plist */ = {isa = PBXFileReference; lastKnownFileType = text.plist.xml; path = Info.plist; sourceTree = "<group>"; };
		535FBA70219FC38700813DC1 /* CatchUpStore.swift */ = {isa = PBXFileReference; lastKnownFileType = sourcecode.swift; path = CatchUpStore.swift; sourceTree = "<group>"; };
		535FBA79219FC41400813DC1 /* FavoritesEntity.swift */ = {isa = PBXFileReference; lastKnownFileType = sourcecode.swift; path = FavoritesEntity.swift; sourceTree = "<group>"; };
		5363A39C2188273B00CAD0C8 /* FavoritesViewController.swift */ = {isa = PBXFileReference; lastKnownFileType = sourcecode.swift; path = FavoritesViewController.swift; sourceTree = "<group>"; };
		53B1A6952188314100BCAA2F /* EventsViewController.swift */ = {isa = PBXFileReference; lastKnownFileType = sourcecode.swift; path = EventsViewController.swift; sourceTree = "<group>"; };
		53C8B8812193D11500610270 /* EventViewController.swift */ = {isa = PBXFileReference; lastKnownFileType = sourcecode.swift; path = EventViewController.swift; sourceTree = "<group>"; };
		53C8B88C2193FA5D00610270 /* OrganizadorResponse.swift */ = {isa = PBXFileReference; lastKnownFileType = sourcecode.swift; path = OrganizadorResponse.swift; sourceTree = "<group>"; };
		53C8B8952193FD6200610270 /* OrganizersViewController.swift */ = {isa = PBXFileReference; lastKnownFileType = sourcecode.swift; path = OrganizersViewController.swift; sourceTree = "<group>"; };
		53C8B8972193FF9300610270 /* OrganizerViewController.swift */ = {isa = PBXFileReference; lastKnownFileType = sourcecode.swift; path = OrganizerViewController.swift; sourceTree = "<group>"; };
		53C8B8992193FFF200610270 /* OrganizerCell.swift */ = {isa = PBXFileReference; lastKnownFileType = sourcecode.swift; path = OrganizerCell.swift; sourceTree = "<group>"; };
		53F0A6E32193BE5E008329EE /* UIImageViewExtension.swift */ = {isa = PBXFileReference; lastKnownFileType = sourcecode.swift; path = UIImageViewExtension.swift; sourceTree = "<group>"; };
		53F0A6F02193C86F008329EE /* EventCell.swift */ = {isa = PBXFileReference; lastKnownFileType = sourcecode.swift; path = EventCell.swift; sourceTree = "<group>"; };
		53F503B22182D7F0001A8893 /* EventoResponse.swift */ = {isa = PBXFileReference; lastKnownFileType = sourcecode.swift; path = EventoResponse.swift; sourceTree = "<group>"; };
		7F82F7DA2182243900A005D1 /* eventourApi.swift */ = {isa = PBXFileReference; lastKnownFileType = sourcecode.swift; path = eventourApi.swift; sourceTree = "<group>"; };
		7F82F7DC218228F300A005D1 /* Event.swift */ = {isa = PBXFileReference; lastKnownFileType = sourcecode.swift; path = Event.swift; sourceTree = "<group>"; };
		7F82F7DE218229A100A005D1 /* Organizer.swift */ = {isa = PBXFileReference; lastKnownFileType = sourcecode.swift; path = Organizer.swift; sourceTree = "<group>"; };
		7F82F7E321822AAC00A005D1 /* Alamofire.xcodeproj */ = {isa = PBXFileReference; lastKnownFileType = "wrapper.pb-project"; name = Alamofire.xcodeproj; path = Alamofire/Alamofire.xcodeproj; sourceTree = "<group>"; };
		7F900B9B2196431E0066A1F6 /* ProfileViewController.swift */ = {isa = PBXFileReference; lastKnownFileType = sourcecode.swift; path = ProfileViewController.swift; sourceTree = "<group>"; };
/* End PBXFileReference section */

/* Begin PBXFrameworksBuildPhase section */
		531A99AF218196740041428D /* Frameworks */ = {
			isa = PBXFrameworksBuildPhase;
			buildActionMask = 2147483647;
			files = (
				7F82F7FE21822B0600A005D1 /* Alamofire.framework in Frameworks */,
			);
			runOnlyForDeploymentPostprocessing = 0;
		};
		531A99C62181967A0041428D /* Frameworks */ = {
			isa = PBXFrameworksBuildPhase;
			buildActionMask = 2147483647;
			files = (
			);
			runOnlyForDeploymentPostprocessing = 0;
		};
		531A99D12181967A0041428D /* Frameworks */ = {
			isa = PBXFrameworksBuildPhase;
			buildActionMask = 2147483647;
			files = (
			);
			runOnlyForDeploymentPostprocessing = 0;
		};
/* End PBXFrameworksBuildPhase section */

/* Begin PBXGroup section */
		531A99A9218196740041428D = {
			isa = PBXGroup;
			children = (
				7F82F7E321822AAC00A005D1 /* Alamofire.xcodeproj */,
				531A99B4218196740041428D /* eventour */,
				531A99CC2181967A0041428D /* eventourTests */,
				531A99D72181967A0041428D /* eventourUITests */,
				531A99B3218196740041428D /* Products */,
				7F82F7FC21822AE300A005D1 /* Frameworks */,
			);
			sourceTree = "<group>";
		};
		531A99B3218196740041428D /* Products */ = {
			isa = PBXGroup;
			children = (
				531A99B2218196740041428D /* eventour.app */,
				531A99C92181967A0041428D /* eventourTests.xctest */,
				531A99D42181967A0041428D /* eventourUITests.xctest */,
			);
			name = Products;
			sourceTree = "<group>";
		};
		531A99B4218196740041428D /* eventour */ = {
			isa = PBXGroup;
			children = (
				5364B3962181A2030005775A /* Network */,
				5364B3952181A1F60005775A /* ViewController */,
				5364B3942181A1EE0005775A /* Model */,
				5364B3932181A1E40005775A /* Main */,
				5364B3922181A1D20005775A /* Resource */,
				531A99C42181967A0041428D /* Info.plist */,
			);
			path = eventour;
			sourceTree = "<group>";
		};
		531A99CC2181967A0041428D /* eventourTests */ = {
			isa = PBXGroup;
			children = (
				531A99CD2181967A0041428D /* eventourTests.swift */,
				531A99CF2181967A0041428D /* Info.plist */,
			);
			path = eventourTests;
			sourceTree = "<group>";
		};
		531A99D72181967A0041428D /* eventourUITests */ = {
			isa = PBXGroup;
			children = (
				531A99D82181967A0041428D /* eventourUITests.swift */,
				531A99DA2181967A0041428D /* Info.plist */,
			);
			path = eventourUITests;
			sourceTree = "<group>";
		};
		5364B3922181A1D20005775A /* Resource */ = {
			isa = PBXGroup;
			children = (
				531A99C12181967A0041428D /* LaunchScreen.storyboard */,
				531A99B9218196740041428D /* Main.storyboard */,
				531A99BF2181967A0041428D /* Assets.xcassets */,
			);
			path = Resource;
			sourceTree = "<group>";
		};
		5364B3932181A1E40005775A /* Main */ = {
			isa = PBXGroup;
			children = (
				531A99B5218196740041428D /* AppDelegate.swift */,
			);
			path = Main;
			sourceTree = "<group>";
		};
		5364B3942181A1EE0005775A /* Model */ = {
			isa = PBXGroup;
			children = (
				531A99BC218196740041428D /* eventour.xcdatamodeld */,
				7F82F7DC218228F300A005D1 /* Event.swift */,
				7F82F7DE218229A100A005D1 /* Organizer.swift */,
				535FBA70219FC38700813DC1 /* CatchUpStore.swift */,
				535FBA79219FC41400813DC1 /* FavoritesEntity.swift */,
			);
			path = Model;
			sourceTree = "<group>";
		};
		5364B3952181A1F60005775A /* ViewController */ = {
			isa = PBXGroup;
			children = (
				531A99B7218196740041428D /* ViewController.swift */,
				5363A39C2188273B00CAD0C8 /* FavoritesViewController.swift */,
				53B1A6952188314100BCAA2F /* EventsViewController.swift */,
				53F0A6E32193BE5E008329EE /* UIImageViewExtension.swift */,
				53F0A6F02193C86F008329EE /* EventCell.swift */,
				53C8B8812193D11500610270 /* EventViewController.swift */,
				53C8B8952193FD6200610270 /* OrganizersViewController.swift */,
				53C8B8972193FF9300610270 /* OrganizerViewController.swift */,
				53C8B8992193FFF200610270 /* OrganizerCell.swift */,
				7F900B9B2196431E0066A1F6 /* ProfileViewController.swift */,
			);
			path = ViewController;
			sourceTree = "<group>";
		};
		5364B3962181A2030005775A /* Network */ = {
			isa = PBXGroup;
			children = (
				7F82F7DA2182243900A005D1 /* eventourApi.swift */,
				53F503B22182D7F0001A8893 /* EventoResponse.swift */,
				53C8B88C2193FA5D00610270 /* OrganizadorResponse.swift */,
			);
			path = Network;
			sourceTree = "<group>";
		};
		7F82F7E421822AAC00A005D1 /* Products */ = {
			isa = PBXGroup;
			children = (
				7F82F7EF21822AAC00A005D1 /* Alamofire.framework */,
				7F82F7F121822AAC00A005D1 /* Alamofire iOS Tests.xctest */,
				7F82F7F321822AAC00A005D1 /* Alamofire.framework */,
				7F82F7F521822AAC00A005D1 /* Alamofire macOS Tests.xctest */,
				7F82F7F721822AAC00A005D1 /* Alamofire.framework */,
				7F82F7F921822AAC00A005D1 /* Alamofire tvOS Tests.xctest */,
				7F82F7FB21822AAC00A005D1 /* Alamofire.framework */,
			);
			name = Products;
			sourceTree = "<group>";
		};
		7F82F7FC21822AE300A005D1 /* Frameworks */ = {
			isa = PBXGroup;
			children = (
			);
			name = Frameworks;
			sourceTree = "<group>";
		};
/* End PBXGroup section */

/* Begin PBXNativeTarget section */
		531A99B1218196740041428D /* eventour */ = {
			isa = PBXNativeTarget;
			buildConfigurationList = 531A99DD2181967A0041428D /* Build configuration list for PBXNativeTarget "eventour" */;
			buildPhases = (
				531A99AE218196740041428D /* Sources */,
				531A99AF218196740041428D /* Frameworks */,
				531A99B0218196740041428D /* Resources */,
				7F82F80221822B0600A005D1 /* Embed Frameworks */,
			);
			buildRules = (
			);
			dependencies = (
				7F82F80121822B0600A005D1 /* PBXTargetDependency */,
			);
			name = eventour;
			productName = eventour;
			productReference = 531A99B2218196740041428D /* eventour.app */;
			productType = "com.apple.product-type.application";
		};
		531A99C82181967A0041428D /* eventourTests */ = {
			isa = PBXNativeTarget;
			buildConfigurationList = 531A99E02181967A0041428D /* Build configuration list for PBXNativeTarget "eventourTests" */;
			buildPhases = (
				531A99C52181967A0041428D /* Sources */,
				531A99C62181967A0041428D /* Frameworks */,
				531A99C72181967A0041428D /* Resources */,
			);
			buildRules = (
			);
			dependencies = (
				531A99CB2181967A0041428D /* PBXTargetDependency */,
			);
			name = eventourTests;
			productName = eventourTests;
			productReference = 531A99C92181967A0041428D /* eventourTests.xctest */;
			productType = "com.apple.product-type.bundle.unit-test";
		};
		531A99D32181967A0041428D /* eventourUITests */ = {
			isa = PBXNativeTarget;
			buildConfigurationList = 531A99E32181967A0041428D /* Build configuration list for PBXNativeTarget "eventourUITests" */;
			buildPhases = (
				531A99D02181967A0041428D /* Sources */,
				531A99D12181967A0041428D /* Frameworks */,
				531A99D22181967A0041428D /* Resources */,
			);
			buildRules = (
			);
			dependencies = (
				531A99D62181967A0041428D /* PBXTargetDependency */,
			);
			name = eventourUITests;
			productName = eventourUITests;
			productReference = 531A99D42181967A0041428D /* eventourUITests.xctest */;
			productType = "com.apple.product-type.bundle.ui-testing";
		};
/* End PBXNativeTarget section */

/* Begin PBXProject section */
		531A99AA218196740041428D /* Project object */ = {
			isa = PBXProject;
			attributes = {
				LastSwiftUpdateCheck = 1000;
				LastUpgradeCheck = 1000;
				ORGANIZATIONNAME = Rafael;
				TargetAttributes = {
					531A99B1218196740041428D = {
						CreatedOnToolsVersion = 10.0;
					};
					531A99C82181967A0041428D = {
						CreatedOnToolsVersion = 10.0;
						TestTargetID = 531A99B1218196740041428D;
					};
					531A99D32181967A0041428D = {
						CreatedOnToolsVersion = 10.0;
						TestTargetID = 531A99B1218196740041428D;
					};
				};
			};
			buildConfigurationList = 531A99AD218196740041428D /* Build configuration list for PBXProject "eventour" */;
			compatibilityVersion = "Xcode 9.3";
			developmentRegion = en;
			hasScannedForEncodings = 0;
			knownRegions = (
				en,
				Base,
			);
			mainGroup = 531A99A9218196740041428D;
			productRefGroup = 531A99B3218196740041428D /* Products */;
			projectDirPath = "";
			projectReferences = (
				{
					ProductGroup = 7F82F7E421822AAC00A005D1 /* Products */;
					ProjectRef = 7F82F7E321822AAC00A005D1 /* Alamofire.xcodeproj */;
				},
			);
			projectRoot = "";
			targets = (
				531A99B1218196740041428D /* eventour */,
				531A99C82181967A0041428D /* eventourTests */,
				531A99D32181967A0041428D /* eventourUITests */,
			);
		};
/* End PBXProject section */

/* Begin PBXReferenceProxy section */
		7F82F7EF21822AAC00A005D1 /* Alamofire.framework */ = {
			isa = PBXReferenceProxy;
			fileType = wrapper.framework;
			path = Alamofire.framework;
			remoteRef = 7F82F7EE21822AAC00A005D1 /* PBXContainerItemProxy */;
			sourceTree = BUILT_PRODUCTS_DIR;
		};
		7F82F7F121822AAC00A005D1 /* Alamofire iOS Tests.xctest */ = {
			isa = PBXReferenceProxy;
			fileType = wrapper.cfbundle;
			path = "Alamofire iOS Tests.xctest";
			remoteRef = 7F82F7F021822AAC00A005D1 /* PBXContainerItemProxy */;
			sourceTree = BUILT_PRODUCTS_DIR;
		};
		7F82F7F321822AAC00A005D1 /* Alamofire.framework */ = {
			isa = PBXReferenceProxy;
			fileType = wrapper.framework;
			path = Alamofire.framework;
			remoteRef = 7F82F7F221822AAC00A005D1 /* PBXContainerItemProxy */;
			sourceTree = BUILT_PRODUCTS_DIR;
		};
		7F82F7F521822AAC00A005D1 /* Alamofire macOS Tests.xctest */ = {
			isa = PBXReferenceProxy;
			fileType = wrapper.cfbundle;
			path = "Alamofire macOS Tests.xctest";
			remoteRef = 7F82F7F421822AAC00A005D1 /* PBXContainerItemProxy */;
			sourceTree = BUILT_PRODUCTS_DIR;
		};
		7F82F7F721822AAC00A005D1 /* Alamofire.framework */ = {
			isa = PBXReferenceProxy;
			fileType = wrapper.framework;
			path = Alamofire.framework;
			remoteRef = 7F82F7F621822AAC00A005D1 /* PBXContainerItemProxy */;
			sourceTree = BUILT_PRODUCTS_DIR;
		};
		7F82F7F921822AAC00A005D1 /* Alamofire tvOS Tests.xctest */ = {
			isa = PBXReferenceProxy;
			fileType = wrapper.cfbundle;
			path = "Alamofire tvOS Tests.xctest";
			remoteRef = 7F82F7F821822AAC00A005D1 /* PBXContainerItemProxy */;
			sourceTree = BUILT_PRODUCTS_DIR;
		};
		7F82F7FB21822AAC00A005D1 /* Alamofire.framework */ = {
			isa = PBXReferenceProxy;
			fileType = wrapper.framework;
			path = Alamofire.framework;
			remoteRef = 7F82F7FA21822AAC00A005D1 /* PBXContainerItemProxy */;
			sourceTree = BUILT_PRODUCTS_DIR;
		};
/* End PBXReferenceProxy section */

/* Begin PBXResourcesBuildPhase section */
		531A99B0218196740041428D /* Resources */ = {
			isa = PBXResourcesBuildPhase;
			buildActionMask = 2147483647;
			files = (
				531A99C32181967A0041428D /* LaunchScreen.storyboard in Resources */,
				531A99C02181967A0041428D /* Assets.xcassets in Resources */,
				531A99BB218196740041428D /* Main.storyboard in Resources */,
			);
			runOnlyForDeploymentPostprocessing = 0;
		};
		531A99C72181967A0041428D /* Resources */ = {
			isa = PBXResourcesBuildPhase;
			buildActionMask = 2147483647;
			files = (
			);
			runOnlyForDeploymentPostprocessing = 0;
		};
		531A99D22181967A0041428D /* Resources */ = {
			isa = PBXResourcesBuildPhase;
			buildActionMask = 2147483647;
			files = (
			);
			runOnlyForDeploymentPostprocessing = 0;
		};
/* End PBXResourcesBuildPhase section */

/* Begin PBXSourcesBuildPhase section */
		531A99AE218196740041428D /* Sources */ = {
			isa = PBXSourcesBuildPhase;
			buildActionMask = 2147483647;
			files = (
				531A99B8218196740041428D /* ViewController.swift in Sources */,
				531A99BE218196740041428D /* eventour.xcdatamodeld in Sources */,
				7F82F7DB2182243900A005D1 /* eventourApi.swift in Sources */,
				53C8B88D2193FA5D00610270 /* OrganizadorResponse.swift in Sources */,
				7F82F7DF218229A100A005D1 /* Organizer.swift in Sources */,
				53C8B8982193FF9300610270 /* OrganizerViewController.swift in Sources */,
				531A99B6218196740041428D /* AppDelegate.swift in Sources */,
				7F900B9C2196431E0066A1F6 /* ProfileViewController.swift in Sources */,
				535FBA71219FC38700813DC1 /* CatchUpStore.swift in Sources */,
				535FBA7A219FC41400813DC1 /* FavoritesEntity.swift in Sources */,
				53C8B8822193D11500610270 /* EventViewController.swift in Sources */,
				53B1A6962188314100BCAA2F /* EventsViewController.swift in Sources */,
				53C8B8962193FD6300610270 /* OrganizersViewController.swift in Sources */,
				53F0A6F12193C86F008329EE /* EventCell.swift in Sources */,
				53F0A6E42193BE5E008329EE /* UIImageViewExtension.swift in Sources */,
				53F503B32182D7F0001A8893 /* EventoResponse.swift in Sources */,
				5363A39D2188273B00CAD0C8 /* FavoritesViewController.swift in Sources */,
				7F82F7DD218228F300A005D1 /* Event.swift in Sources */,
				53C8B89A2193FFF200610270 /* OrganizerCell.swift in Sources */,
			);
			runOnlyForDeploymentPostprocessing = 0;
		};
		531A99C52181967A0041428D /* Sources */ = {
			isa = PBXSourcesBuildPhase;
			buildActionMask = 2147483647;
			files = (
				531A99CE2181967A0041428D /* eventourTests.swift in Sources */,
			);
			runOnlyForDeploymentPostprocessing = 0;
		};
		531A99D02181967A0041428D /* Sources */ = {
			isa = PBXSourcesBuildPhase;
			buildActionMask = 2147483647;
			files = (
				531A99D92181967A0041428D /* eventourUITests.swift in Sources */,
			);
			runOnlyForDeploymentPostprocessing = 0;
		};
/* End PBXSourcesBuildPhase section */

/* Begin PBXTargetDependency section */
		531A99CB2181967A0041428D /* PBXTargetDependency */ = {
			isa = PBXTargetDependency;
			target = 531A99B1218196740041428D /* eventour */;
			targetProxy = 531A99CA2181967A0041428D /* PBXContainerItemProxy */;
		};
		531A99D62181967A0041428D /* PBXTargetDependency */ = {
			isa = PBXTargetDependency;
			target = 531A99B1218196740041428D /* eventour */;
			targetProxy = 531A99D52181967A0041428D /* PBXContainerItemProxy */;
		};
		7F82F80121822B0600A005D1 /* PBXTargetDependency */ = {
			isa = PBXTargetDependency;
			name = "Alamofire iOS";
			targetProxy = 7F82F80021822B0600A005D1 /* PBXContainerItemProxy */;
		};
/* End PBXTargetDependency section */

/* Begin PBXVariantGroup section */
		531A99B9218196740041428D /* Main.storyboard */ = {
			isa = PBXVariantGroup;
			children = (
				531A99BA218196740041428D /* Base */,
			);
			name = Main.storyboard;
			sourceTree = "<group>";
		};
		531A99C12181967A0041428D /* LaunchScreen.storyboard */ = {
			isa = PBXVariantGroup;
			children = (
				531A99C22181967A0041428D /* Base */,
			);
			name = LaunchScreen.storyboard;
			sourceTree = "<group>";
		};
/* End PBXVariantGroup section */

/* Begin XCBuildConfiguration section */
		531A99DB2181967A0041428D /* Debug */ = {
			isa = XCBuildConfiguration;
			buildSettings = {
				ALWAYS_SEARCH_USER_PATHS = NO;
				CLANG_ANALYZER_NONNULL = YES;
				CLANG_ANALYZER_NUMBER_OBJECT_CONVERSION = YES_AGGRESSIVE;
				CLANG_CXX_LANGUAGE_STANDARD = "gnu++14";
				CLANG_CXX_LIBRARY = "libc++";
				CLANG_ENABLE_MODULES = YES;
				CLANG_ENABLE_OBJC_ARC = YES;
				CLANG_ENABLE_OBJC_WEAK = YES;
				CLANG_WARN_BLOCK_CAPTURE_AUTORELEASING = YES;
				CLANG_WARN_BOOL_CONVERSION = YES;
				CLANG_WARN_COMMA = YES;
				CLANG_WARN_CONSTANT_CONVERSION = YES;
				CLANG_WARN_DEPRECATED_OBJC_IMPLEMENTATIONS = YES;
				CLANG_WARN_DIRECT_OBJC_ISA_USAGE = YES_ERROR;
				CLANG_WARN_DOCUMENTATION_COMMENTS = YES;
				CLANG_WARN_EMPTY_BODY = YES;
				CLANG_WARN_ENUM_CONVERSION = YES;
				CLANG_WARN_INFINITE_RECURSION = YES;
				CLANG_WARN_INT_CONVERSION = YES;
				CLANG_WARN_NON_LITERAL_NULL_CONVERSION = YES;
				CLANG_WARN_OBJC_IMPLICIT_RETAIN_SELF = YES;
				CLANG_WARN_OBJC_LITERAL_CONVERSION = YES;
				CLANG_WARN_OBJC_ROOT_CLASS = YES_ERROR;
				CLANG_WARN_RANGE_LOOP_ANALYSIS = YES;
				CLANG_WARN_STRICT_PROTOTYPES = YES;
				CLANG_WARN_SUSPICIOUS_MOVE = YES;
				CLANG_WARN_UNGUARDED_AVAILABILITY = YES_AGGRESSIVE;
				CLANG_WARN_UNREACHABLE_CODE = YES;
				CLANG_WARN__DUPLICATE_METHOD_MATCH = YES;
				CODE_SIGN_IDENTITY = "iPhone Developer";
				COPY_PHASE_STRIP = NO;
				DEBUG_INFORMATION_FORMAT = dwarf;
				ENABLE_STRICT_OBJC_MSGSEND = YES;
				ENABLE_TESTABILITY = YES;
				GCC_C_LANGUAGE_STANDARD = gnu11;
				GCC_DYNAMIC_NO_PIC = NO;
				GCC_NO_COMMON_BLOCKS = YES;
				GCC_OPTIMIZATION_LEVEL = 0;
				GCC_PREPROCESSOR_DEFINITIONS = (
					"DEBUG=1",
					"$(inherited)",
				);
				GCC_WARN_64_TO_32_BIT_CONVERSION = YES;
				GCC_WARN_ABOUT_RETURN_TYPE = YES_ERROR;
				GCC_WARN_UNDECLARED_SELECTOR = YES;
				GCC_WARN_UNINITIALIZED_AUTOS = YES_AGGRESSIVE;
				GCC_WARN_UNUSED_FUNCTION = YES;
				GCC_WARN_UNUSED_VARIABLE = YES;
				IPHONEOS_DEPLOYMENT_TARGET = 12.0;
				MTL_ENABLE_DEBUG_INFO = INCLUDE_SOURCE;
				MTL_FAST_MATH = YES;
				ONLY_ACTIVE_ARCH = YES;
				SDKROOT = iphoneos;
				SWIFT_ACTIVE_COMPILATION_CONDITIONS = DEBUG;
				SWIFT_OPTIMIZATION_LEVEL = "-Onone";
			};
			name = Debug;
		};
		531A99DC2181967A0041428D /* Release */ = {
			isa = XCBuildConfiguration;
			buildSettings = {
				ALWAYS_SEARCH_USER_PATHS = NO;
				CLANG_ANALYZER_NONNULL = YES;
				CLANG_ANALYZER_NUMBER_OBJECT_CONVERSION = YES_AGGRESSIVE;
				CLANG_CXX_LANGUAGE_STANDARD = "gnu++14";
				CLANG_CXX_LIBRARY = "libc++";
				CLANG_ENABLE_MODULES = YES;
				CLANG_ENABLE_OBJC_ARC = YES;
				CLANG_ENABLE_OBJC_WEAK = YES;
				CLANG_WARN_BLOCK_CAPTURE_AUTORELEASING = YES;
				CLANG_WARN_BOOL_CONVERSION = YES;
				CLANG_WARN_COMMA = YES;
				CLANG_WARN_CONSTANT_CONVERSION = YES;
				CLANG_WARN_DEPRECATED_OBJC_IMPLEMENTATIONS = YES;
				CLANG_WARN_DIRECT_OBJC_ISA_USAGE = YES_ERROR;
				CLANG_WARN_DOCUMENTATION_COMMENTS = YES;
				CLANG_WARN_EMPTY_BODY = YES;
				CLANG_WARN_ENUM_CONVERSION = YES;
				CLANG_WARN_INFINITE_RECURSION = YES;
				CLANG_WARN_INT_CONVERSION = YES;
				CLANG_WARN_NON_LITERAL_NULL_CONVERSION = YES;
				CLANG_WARN_OBJC_IMPLICIT_RETAIN_SELF = YES;
				CLANG_WARN_OBJC_LITERAL_CONVERSION = YES;
				CLANG_WARN_OBJC_ROOT_CLASS = YES_ERROR;
				CLANG_WARN_RANGE_LOOP_ANALYSIS = YES;
				CLANG_WARN_STRICT_PROTOTYPES = YES;
				CLANG_WARN_SUSPICIOUS_MOVE = YES;
				CLANG_WARN_UNGUARDED_AVAILABILITY = YES_AGGRESSIVE;
				CLANG_WARN_UNREACHABLE_CODE = YES;
				CLANG_WARN__DUPLICATE_METHOD_MATCH = YES;
				CODE_SIGN_IDENTITY = "iPhone Developer";
				COPY_PHASE_STRIP = NO;
				DEBUG_INFORMATION_FORMAT = "dwarf-with-dsym";
				ENABLE_NS_ASSERTIONS = NO;
				ENABLE_STRICT_OBJC_MSGSEND = YES;
				GCC_C_LANGUAGE_STANDARD = gnu11;
				GCC_NO_COMMON_BLOCKS = YES;
				GCC_WARN_64_TO_32_BIT_CONVERSION = YES;
				GCC_WARN_ABOUT_RETURN_TYPE = YES_ERROR;
				GCC_WARN_UNDECLARED_SELECTOR = YES;
				GCC_WARN_UNINITIALIZED_AUTOS = YES_AGGRESSIVE;
				GCC_WARN_UNUSED_FUNCTION = YES;
				GCC_WARN_UNUSED_VARIABLE = YES;
				IPHONEOS_DEPLOYMENT_TARGET = 12.0;
				MTL_ENABLE_DEBUG_INFO = NO;
				MTL_FAST_MATH = YES;
				SDKROOT = iphoneos;
				SWIFT_COMPILATION_MODE = wholemodule;
				SWIFT_OPTIMIZATION_LEVEL = "-O";
				VALIDATE_PRODUCT = YES;
			};
			name = Release;
		};
		531A99DE2181967A0041428D /* Debug */ = {
			isa = XCBuildConfiguration;
			buildSettings = {
				ALWAYS_EMBED_SWIFT_STANDARD_LIBRARIES = YES;
				ASSETCATALOG_COMPILER_APPICON_NAME = AppIcon;
				CODE_SIGN_STYLE = Automatic;
				INFOPLIST_FILE = eventour/Info.plist;
				LD_RUNPATH_SEARCH_PATHS = (
					"$(inherited)",
					"@executable_path/Frameworks",
				);
				PRODUCT_BUNDLE_IDENTIFIER = rafael.eventour;
				PRODUCT_NAME = "$(TARGET_NAME)";
				SWIFT_VERSION = 4.2;
				TARGETED_DEVICE_FAMILY = "1,2";
			};
			name = Debug;
		};
		531A99DF2181967A0041428D /* Release */ = {
			isa = XCBuildConfiguration;
			buildSettings = {
				ALWAYS_EMBED_SWIFT_STANDARD_LIBRARIES = YES;
				ASSETCATALOG_COMPILER_APPICON_NAME = AppIcon;
				CODE_SIGN_STYLE = Automatic;
				INFOPLIST_FILE = eventour/Info.plist;
				LD_RUNPATH_SEARCH_PATHS = (
					"$(inherited)",
					"@executable_path/Frameworks",
				);
				PRODUCT_BUNDLE_IDENTIFIER = rafael.eventour;
				PRODUCT_NAME = "$(TARGET_NAME)";
				SWIFT_VERSION = 4.2;
				TARGETED_DEVICE_FAMILY = "1,2";
			};
			name = Release;
		};
		531A99E12181967A0041428D /* Debug */ = {
			isa = XCBuildConfiguration;
			buildSettings = {
				ALWAYS_EMBED_SWIFT_STANDARD_LIBRARIES = YES;
				BUNDLE_LOADER = "$(TEST_HOST)";
				CODE_SIGN_STYLE = Automatic;
				INFOPLIST_FILE = eventourTests/Info.plist;
				LD_RUNPATH_SEARCH_PATHS = (
					"$(inherited)",
					"@executable_path/Frameworks",
					"@loader_path/Frameworks",
				);
				PRODUCT_BUNDLE_IDENTIFIER = rafael.eventourTests;
				PRODUCT_NAME = "$(TARGET_NAME)";
				SWIFT_VERSION = 4.2;
				TARGETED_DEVICE_FAMILY = "1,2";
				TEST_HOST = "$(BUILT_PRODUCTS_DIR)/eventour.app/eventour";
			};
			name = Debug;
		};
		531A99E22181967A0041428D /* Release */ = {
			isa = XCBuildConfiguration;
			buildSettings = {
				ALWAYS_EMBED_SWIFT_STANDARD_LIBRARIES = YES;
				BUNDLE_LOADER = "$(TEST_HOST)";
				CODE_SIGN_STYLE = Automatic;
				INFOPLIST_FILE = eventourTests/Info.plist;
				LD_RUNPATH_SEARCH_PATHS = (
					"$(inherited)",
					"@executable_path/Frameworks",
					"@loader_path/Frameworks",
				);
				PRODUCT_BUNDLE_IDENTIFIER = rafael.eventourTests;
				PRODUCT_NAME = "$(TARGET_NAME)";
				SWIFT_VERSION = 4.2;
				TARGETED_DEVICE_FAMILY = "1,2";
				TEST_HOST = "$(BUILT_PRODUCTS_DIR)/eventour.app/eventour";
			};
			name = Release;
		};
		531A99E42181967A0041428D /* Debug */ = {
			isa = XCBuildConfiguration;
			buildSettings = {
				ALWAYS_EMBED_SWIFT_STANDARD_LIBRARIES = YES;
				CODE_SIGN_STYLE = Automatic;
				INFOPLIST_FILE = eventourUITests/Info.plist;
				LD_RUNPATH_SEARCH_PATHS = (
					"$(inherited)",
					"@executable_path/Frameworks",
					"@loader_path/Frameworks",
				);
				PRODUCT_BUNDLE_IDENTIFIER = rafael.eventourUITests;
				PRODUCT_NAME = "$(TARGET_NAME)";
				SWIFT_VERSION = 4.2;
				TARGETED_DEVICE_FAMILY = "1,2";
				TEST_TARGET_NAME = eventour;
			};
			name = Debug;
		};
		531A99E52181967A0041428D /* Release */ = {
			isa = XCBuildConfiguration;
			buildSettings = {
				ALWAYS_EMBED_SWIFT_STANDARD_LIBRARIES = YES;
				CODE_SIGN_STYLE = Automatic;
				INFOPLIST_FILE = eventourUITests/Info.plist;
				LD_RUNPATH_SEARCH_PATHS = (
					"$(inherited)",
					"@executable_path/Frameworks",
					"@loader_path/Frameworks",
				);
				PRODUCT_BUNDLE_IDENTIFIER = rafael.eventourUITests;
				PRODUCT_NAME = "$(TARGET_NAME)";
				SWIFT_VERSION = 4.2;
				TARGETED_DEVICE_FAMILY = "1,2";
				TEST_TARGET_NAME = eventour;
			};
			name = Release;
		};
/* End XCBuildConfiguration section */

/* Begin XCConfigurationList section */
		531A99AD218196740041428D /* Build configuration list for PBXProject "eventour" */ = {
			isa = XCConfigurationList;
			buildConfigurations = (
				531A99DB2181967A0041428D /* Debug */,
				531A99DC2181967A0041428D /* Release */,
			);
			defaultConfigurationIsVisible = 0;
			defaultConfigurationName = Release;
		};
		531A99DD2181967A0041428D /* Build configuration list for PBXNativeTarget "eventour" */ = {
			isa = XCConfigurationList;
			buildConfigurations = (
				531A99DE2181967A0041428D /* Debug */,
				531A99DF2181967A0041428D /* Release */,
			);
			defaultConfigurationIsVisible = 0;
			defaultConfigurationName = Release;
		};
		531A99E02181967A0041428D /* Build configuration list for PBXNativeTarget "eventourTests" */ = {
			isa = XCConfigurationList;
			buildConfigurations = (
				531A99E12181967A0041428D /* Debug */,
				531A99E22181967A0041428D /* Release */,
			);
			defaultConfigurationIsVisible = 0;
			defaultConfigurationName = Release;
		};
		531A99E32181967A0041428D /* Build configuration list for PBXNativeTarget "eventourUITests" */ = {
			isa = XCConfigurationList;
			buildConfigurations = (
				531A99E42181967A0041428D /* Debug */,
				531A99E52181967A0041428D /* Release */,
			);
			defaultConfigurationIsVisible = 0;
			defaultConfigurationName = Release;
		};
/* End XCConfigurationList section */

/* Begin XCVersionGroup section */
		531A99BC218196740041428D /* eventour.xcdatamodeld */ = {
			isa = XCVersionGroup;
			children = (
				531A99BD218196740041428D /* eventour.xcdatamodel */,
			);
			currentVersion = 531A99BD218196740041428D /* eventour.xcdatamodel */;
			path = eventour.xcdatamodeld;
			sourceTree = "<group>";
			versionGroupType = wrapper.xcdatamodel;
		};
/* End XCVersionGroup section */
	};
	rootObject = 531A99AA218196740041428D /* Project object */;
}
